
Microsoft Visual Studio Solution File, Format Version 12.00
# Visual Studio Version 17
VisualStudioVersion = 17.11.35222.181
MinimumVisualStudioVersion = 10.0.40219.1
Project("{FAE04EC0-301F-11D3-BF4B-00C04F79EFBC}") = "EventAndDelegate2", "EventAndDelegate2\EventAndDelegate2.csproj", "{7D12D29A-1B14-444F-A84C-9AFAC1BF3799}"
EndProject
Global
	GlobalSection(SolutionConfigurationPlatforms) = preSolution
		Debug|Any CPU = Debug|Any CPU
		Release|Any CPU = Release|Any CPU
	EndGlobalSection
	GlobalSection(ProjectConfigurationPlatforms) = postSolution
		{7D12D29A-1B14-444F-A84C-9AFAC1BF3799}.Debug|Any CPU.ActiveCfg = Debug|Any CPU
		{7D12D29A-1B14-444F-A84C-9AFAC1BF3799}.Debug|Any CPU.Build.0 = Debug|Any CPU
		{7D12D29A-1B14-444F-A84C-9AFAC1BF3799}.Release|Any CPU.ActiveCfg = Release|Any CPU
		{7D12D29A-1B14-444F-A84C-9AFAC1BF3799}.Release|Any CPU.Build.0 = Release|Any CPU
	EndGlobalSection
	GlobalSection(SolutionProperties) = preSolution
		HideSolutionNode = FALSE
	EndGlobalSection
	GlobalSection(ExtensibilityGlobals) = postSolution
		SolutionGuid = {0F186E72-9E61-42BD-862D-BC62537E91CB}
	EndGlobalSection
EndGlobal
